// !$*UTF8*$!
{
	archiveVersion = 1;
	classes = {
	};
	objectVersion = 77;
	objects = {

/* Begin PBXBuildFile section */
		929A73DF2DA3360000CBB635 /* CoreNFC.framework in Frameworks */ = {isa = PBXBuildFile; fileRef = 929A73DD2DA335C300CBB635 /* CoreNFC.framework */; };
		929A73E02DA3360000CBB635 /* CoreNFC.framework in Embed Frameworks */ = {isa = PBXBuildFile; fileRef = 929A73DD2DA335C300CBB635 /* CoreNFC.framework */; settings = {ATTRIBUTES = (CodeSignOnCopy, RemoveHeadersOnCopy, ); }; };
/* End PBXBuildFile section */

/* Begin PBXContainerItemProxy section */
		92591E3C2DA32AE500F8CBFB /* PBXContainerItemProxy */ = {
			isa = PBXContainerItemProxy;
			containerPortal = 92591E1D2DA32AE100F8CBFB /* Project object */;
			proxyType = 1;
			remoteGlobalIDString = 92591E242DA32AE100F8CBFB;
			remoteInfo = NFCPoc;
		};
		92591E462DA32AE500F8CBFB /* PBXContainerItemProxy */ = {
			isa = PBXContainerItemProxy;
			containerPortal = 92591E1D2DA32AE100F8CBFB /* Project object */;
			proxyType = 1;
			remoteGlobalIDString = 92591E242DA32AE100F8CBFB;
			remoteInfo = NFCPoc;
		};
/* End PBXContainerItemProxy section */

/* Begin PBXCopyFilesBuildPhase section */
		929A73E12DA3360000CBB635 /* Embed Frameworks */ = {
			isa = PBXCopyFilesBuildPhase;
			buildActionMask = 2147483647;
			dstPath = "";
			dstSubfolderSpec = 10;
			files = (
				929A73E02DA3360000CBB635 /* CoreNFC.framework in Embed Frameworks */,
			);
			name = "Embed Frameworks";
			runOnlyForDeploymentPostprocessing = 0;
		};
/* End PBXCopyFilesBuildPhase section */

/* Begin PBXFileReference section */
		92591E252DA32AE100F8CBFB /* NFCPoc.app */ = {isa = PBXFileReference; explicitFileType = wrapper.application; includeInIndex = 0; path = NFCPoc.app; sourceTree = BUILT_PRODUCTS_DIR; };
		92591E3B2DA32AE500F8CBFB /* NFCPocTests.xctest */ = {isa = PBXFileReference; explicitFileType = wrapper.cfbundle; includeInIndex = 0; path = NFCPocTests.xctest; sourceTree = BUILT_PRODUCTS_DIR; };
		92591E452DA32AE500F8CBFB /* NFCPocUITests.xctest */ = {isa = PBXFileReference; explicitFileType = wrapper.cfbundle; includeInIndex = 0; path = NFCPocUITests.xctest; sourceTree = BUILT_PRODUCTS_DIR; };
		929A73DD2DA335C300CBB635 /* CoreNFC.framework */ = {isa = PBXFileReference; lastKnownFileType = wrapper.framework; name = CoreNFC.framework; path = System/Library/Frameworks/CoreNFC.framework; sourceTree = SDKROOT; };
/* End PBXFileReference section */

/* Begin PBXFileSystemSynchronizedBuildFileExceptionSet section */
		92591E4D2DA32AE500F8CBFB /* Exceptions for "NFCPoc" folder in "NFCPoc" target */ = {
			isa = PBXFileSystemSynchronizedBuildFileExceptionSet;
			membershipExceptions = (
				Info.plist,
			);
			target = 92591E242DA32AE100F8CBFB /* NFCPoc */;
		};
/* End PBXFileSystemSynchronizedBuildFileExceptionSet section */

/* Begin PBXFileSystemSynchronizedRootGroup section */
		92591E272DA32AE100F8CBFB /* NFCPoc */ = {
			isa = PBXFileSystemSynchronizedRootGroup;
			exceptions = (
				92591E4D2DA32AE500F8CBFB /* Exceptions for "NFCPoc" folder in "NFCPoc" target */,
			);
			path = NFCPoc;
			sourceTree = "<group>";
		};
		92591E3E2DA32AE500F8CBFB /* NFCPocTests */ = {
			isa = PBXFileSystemSynchronizedRootGroup;
			path = NFCPocTests;
			sourceTree = "<group>";
		};
		92591E482DA32AE500F8CBFB /* NFCPocUITests */ = {
			isa = PBXFileSystemSynchronizedRootGroup;
			path = NFCPocUITests;
			sourceTree = "<group>";
		};
/* End PBXFileSystemSynchronizedRootGroup section */

/* Begin PBXFrameworksBuildPhase section */
		92591E222DA32AE100F8CBFB /* Frameworks */ = {
			isa = PBXFrameworksBuildPhase;
			buildActionMask = 2147483647;
			files = (
				929A73DF2DA3360000CBB635 /* CoreNFC.framework in Frameworks */,
			);
			runOnlyForDeploymentPostprocessing = 0;
		};
		92591E382DA32AE500F8CBFB /* Frameworks */ = {
			isa = PBXFrameworksBuildPhase;
			buildActionMask = 2147483647;
			files = (
			);
			runOnlyForDeploymentPostprocessing = 0;
		};
		92591E422DA32AE500F8CBFB /* Frameworks */ = {
			isa = PBXFrameworksBuildPhase;
			buildActionMask = 2147483647;
			files = (
			);
			runOnlyForDeploymentPostprocessing = 0;
		};
/* End PBXFrameworksBuildPhase section */

/* Begin PBXGroup section */
		92591E1C2DA32AE100F8CBFB = {
			isa = PBXGroup;
			children = (
				92591E272DA32AE100F8CBFB /* NFCPoc */,
				92591E3E2DA32AE500F8CBFB /* NFCPocTests */,
				92591E482DA32AE500F8CBFB /* NFCPocUITests */,
				929A73DC2DA335C300CBB635 /* Frameworks */,
				92591E262DA32AE100F8CBFB /* Products */,
			);
			sourceTree = "<group>";
		};
		92591E262DA32AE100F8CBFB /* Products */ = {
			isa = PBXGroup;
			children = (
				92591E252DA32AE100F8CBFB /* NFCPoc.app */,
				92591E3B2DA32AE500F8CBFB /* NFCPocTests.xctest */,
				92591E452DA32AE500F8CBFB /* NFCPocUITests.xctest */,
			);
			name = Products;
			sourceTree = "<group>";
		};
		929A73DC2DA335C300CBB635 /* Frameworks */ = {
			isa = PBXGroup;
			children = (
				929A73DD2DA335C300CBB635 /* CoreNFC.framework */,
			);
			name = Frameworks;
			sourceTree = "<group>";
		};
/* End PBXGroup section */

/* Begin PBXNativeTarget section */
		92591E242DA32AE100F8CBFB /* NFCPoc */ = {
			isa = PBXNativeTarget;
			buildConfigurationList = 92591E4E2DA32AE500F8CBFB /* Build configuration list for PBXNativeTarget "NFCPoc" */;
			buildPhases = (
				92591E212DA32AE100F8CBFB /* Sources */,
				92591E222DA32AE100F8CBFB /* Frameworks */,
				92591E232DA32AE100F8CBFB /* Resources */,
				929A73E12DA3360000CBB635 /* Embed Frameworks */,
			);
			buildRules = (
			);
			dependencies = (
			);
			fileSystemSynchronizedGroups = (
				92591E272DA32AE100F8CBFB /* NFCPoc */,
			);
			name = NFCPoc;
			packageProductDependencies = (
			);
			productName = NFCPoc;
			productReference = 92591E252DA32AE100F8CBFB /* NFCPoc.app */;
			productType = "com.apple.product-type.application";
		};
		92591E3A2DA32AE500F8CBFB /* NFCPocTests */ = {
			isa = PBXNativeTarget;
			buildConfigurationList = 92591E532DA32AE500F8CBFB /* Build configuration list for PBXNativeTarget "NFCPocTests" */;
			buildPhases = (
				92591E372DA32AE500F8CBFB /* Sources */,
				92591E382DA32AE500F8CBFB /* Frameworks */,
				92591E392DA32AE500F8CBFB /* Resources */,
			);
			buildRules = (
			);
			dependencies = (
				92591E3D2DA32AE500F8CBFB /* PBXTargetDependency */,
			);
			fileSystemSynchronizedGroups = (
				92591E3E2DA32AE500F8CBFB /* NFCPocTests */,
			);
			name = NFCPocTests;
			packageProductDependencies = (
			);
			productName = NFCPocTests;
			productReference = 92591E3B2DA32AE500F8CBFB /* NFCPocTests.xctest */;
			productType = "com.apple.product-type.bundle.unit-test";
		};
		92591E442DA32AE500F8CBFB /* NFCPocUITests */ = {
			isa = PBXNativeTarget;
			buildConfigurationList = 92591E562DA32AE500F8CBFB /* Build configuration list for PBXNativeTarget "NFCPocUITests" */;
			buildPhases = (
				92591E412DA32AE500F8CBFB /* Sources */,
				92591E422DA32AE500F8CBFB /* Frameworks */,
				92591E432DA32AE500F8CBFB /* Resources */,
			);
			buildRules = (
			);
			dependencies = (
				92591E472DA32AE500F8CBFB /* PBXTargetDependency */,
			);
			fileSystemSynchronizedGroups = (
				92591E482DA32AE500F8CBFB /* NFCPocUITests */,
			);
			name = NFCPocUITests;
			packageProductDependencies = (
			);
			productName = NFCPocUITests;
			productReference = 92591E452DA32AE500F8CBFB /* NFCPocUITests.xctest */;
			productType = "com.apple.product-type.bundle.ui-testing";
		};
/* End PBXNativeTarget section */

/* Begin PBXProject section */
		92591E1D2DA32AE100F8CBFB /* Project object */ = {
			isa = PBXProject;
			attributes = {
				BuildIndependentTargetsInParallel = 1;
				LastSwiftUpdateCheck = 1630;
				LastUpgradeCheck = 1630;
				TargetAttributes = {
					92591E242DA32AE100F8CBFB = {
						CreatedOnToolsVersion = 16.3;
					};
					92591E3A2DA32AE500F8CBFB = {
						CreatedOnToolsVersion = 16.3;
						TestTargetID = 92591E242DA32AE100F8CBFB;
					};
					92591E442DA32AE500F8CBFB = {
						CreatedOnToolsVersion = 16.3;
						TestTargetID = 92591E242DA32AE100F8CBFB;
					};
				};
			};
			buildConfigurationList = 92591E202DA32AE100F8CBFB /* Build configuration list for PBXProject "NFCPoc" */;
			developmentRegion = en;
			hasScannedForEncodings = 0;
			knownRegions = (
				en,
				Base,
			);
			mainGroup = 92591E1C2DA32AE100F8CBFB;
			minimizedProjectReferenceProxies = 1;
			preferredProjectObjectVersion = 77;
			productRefGroup = 92591E262DA32AE100F8CBFB /* Products */;
			projectDirPath = "";
			projectRoot = "";
			targets = (
				92591E242DA32AE100F8CBFB /* NFCPoc */,
				92591E3A2DA32AE500F8CBFB /* NFCPocTests */,
				92591E442DA32AE500F8CBFB /* NFCPocUITests */,
			);
		};
/* End PBXProject section */

/* Begin PBXResourcesBuildPhase section */
		92591E232DA32AE100F8CBFB /* Resources */ = {
			isa = PBXResourcesBuildPhase;
			buildActionMask = 2147483647;
			files = (
			);
			runOnlyForDeploymentPostprocessing = 0;
		};
		92591E392DA32AE500F8CBFB /* Resources */ = {
			isa = PBXResourcesBuildPhase;
			buildActionMask = 2147483647;
			files = (
			);
			runOnlyForDeploymentPostprocessing = 0;
		};
		92591E432DA32AE500F8CBFB /* Resources */ = {
			isa = PBXResourcesBuildPhase;
			buildActionMask = 2147483647;
			files = (
			);
			runOnlyForDeploymentPostprocessing = 0;
		};
/* End PBXResourcesBuildPhase section */

/* Begin PBXSourcesBuildPhase section */
		92591E212DA32AE100F8CBFB /* Sources */ = {
			isa = PBXSourcesBuildPhase;
			buildActionMask = 2147483647;
			files = (
			);
			runOnlyForDeploymentPostprocessing = 0;
		};
		92591E372DA32AE500F8CBFB /* Sources */ = {
			isa = PBXSourcesBuildPhase;
			buildActionMask = 2147483647;
			files = (
			);
			runOnlyForDeploymentPostprocessing = 0;
		};
		92591E412DA32AE500F8CBFB /* Sources */ = {
			isa = PBXSourcesBuildPhase;
			buildActionMask = 2147483647;
			files = (
			);
			runOnlyForDeploymentPostprocessing = 0;
		};
/* End PBXSourcesBuildPhase section */

/* Begin PBXTargetDependency section */
		92591E3D2DA32AE500F8CBFB /* PBXTargetDependency */ = {
			isa = PBXTargetDependency;
			target = 92591E242DA32AE100F8CBFB /* NFCPoc */;
			targetProxy = 92591E3C2DA32AE500F8CBFB /* PBXContainerItemProxy */;
		};
		92591E472DA32AE500F8CBFB /* PBXTargetDependency */ = {
			isa = PBXTargetDependency;
			target = 92591E242DA32AE100F8CBFB /* NFCPoc */;
			targetProxy = 92591E462DA32AE500F8CBFB /* PBXContainerItemProxy */;
		};
/* End PBXTargetDependency section */

/* Begin XCBuildConfiguration section */
		92591E4F2DA32AE500F8CBFB /* Debug */ = {
			isa = XCBuildConfiguration;
			buildSettings = {
				ASSETCATALOG_COMPILER_APPICON_NAME = AppIcon;
				ASSETCATALOG_COMPILER_GLOBAL_ACCENT_COLOR_NAME = AccentColor;
				CODE_SIGN_ENTITLEMENTS = NFCPoc/NFCPoc.entitlements;
				CODE_SIGN_STYLE = Automatic;
				CURRENT_PROJECT_VERSION = 1;
				DEVELOPMENT_TEAM = 5K5USCTN64;
				GENERATE_INFOPLIST_FILE = YES;
				INFOPLIST_FILE = NFCPoc/Info.plist;
				INFOPLIST_KEY_UIApplicationSupportsIndirectInputEvents = YES;
				INFOPLIST_KEY_UILaunchStoryboardName = LaunchScreen;
				INFOPLIST_KEY_UIMainStoryboardFile = Main;
				INFOPLIST_KEY_UISupportedInterfaceOrientations_iPad = "UIInterfaceOrientationPortrait UIInterfaceOrientationPortraitUpsideDown UIInterfaceOrientationLandscapeLeft UIInterfaceOrientationLandscapeRight";
				INFOPLIST_KEY_UISupportedInterfaceOrientations_iPhone = "UIInterfaceOrientationPortrait UIInterfaceOrientationLandscapeLeft UIInterfaceOrientationLandscapeRight";
				IPHONEOS_DEPLOYMENT_TARGET = 15.6;
				LD_RUNPATH_SEARCH_PATHS = (
					"$(inherited)",
					"@executable_path/Frameworks",
				);
				MARKETING_VERSION = 1.0;
				PRODUCT_BUNDLE_IDENTIFIER = com.priscilaayelengomez.NFCPoc;
				PRODUCT_NAME = "$(TARGET_NAME)";
				SWIFT_EMIT_LOC_STRINGS = YES;
				SWIFT_VERSION = 5.0;
				TARGETED_DEVICE_FAMILY = "1,2";
			};
			name = Debug;
		};
		92591E502DA32AE500F8CBFB /* Release */ = {
			isa = XCBuildConfiguration;
			buildSettings = {
				ASSETCATALOG_COMPILER_APPICON_NAME = AppIcon;
				ASSETCATALOG_COMPILER_GLOBAL_ACCENT_COLOR_NAME = AccentColor;
				CODE_SIGN_ENTITLEMENTS = NFCPoc/NFCPoc.entitlements;
				CODE_SIGN_STYLE = Automatic;
				CURRENT_PROJECT_VERSION = 1;
				DEVELOPMENT_TEAM = 5K5USCTN64;
				GENERATE_INFOPLIST_FILE = YES;
				INFOPLIST_FILE = NFCPoc/Info.plist;
				INFOPLIST_KEY_UIApplicationSupportsIndirectInputEvents = YES;
				INFOPLIST_KEY_UILaunchStoryboardName = LaunchScreen;
				INFOPLIST_KEY_UIMainStoryboardFile = Main;
				INFOPLIST_KEY_UISupportedInterfaceOrientations_iPad = "UIInterfaceOrientationPortrait UIInterfaceOrientationPortraitUpsideDown UIInterfaceOrientationLandscapeLeft UIInterfaceOrientationLandscapeRight";
				INFOPLIST_KEY_UISupportedInterfaceOrientations_iPhone = "UIInterfaceOrientationPortrait UIInterfaceOrientationLandscapeLeft UIInterfaceOrientationLandscapeRight";
				IPHONEOS_DEPLOYMENT_TARGET = 15.6;
				LD_RUNPATH_SEARCH_PATHS = (
					"$(inherited)",
					"@executable_path/Frameworks",
				);
				MARKETING_VERSION = 1.0;
				PRODUCT_BUNDLE_IDENTIFIER = com.priscilaayelengomez.NFCPoc;
				PRODUCT_NAME = "$(TARGET_NAME)";
				SWIFT_EMIT_LOC_STRINGS = YES;
				SWIFT_VERSION = 5.0;
				TARGETED_DEVICE_FAMILY = "1,2";
			};
			name = Release;
		};
		92591E512DA32AE500F8CBFB /* Debug */ = {
			isa = XCBuildConfiguration;
			buildSettings = {
				ALWAYS_SEARCH_USER_PATHS = NO;
				ASSETCATALOG_COMPILER_GENERATE_SWIFT_ASSET_SYMBOL_EXTENSIONS = YES;
				CLANG_ANALYZER_NONNULL = YES;
				CLANG_ANALYZER_NUMBER_OBJECT_CONVERSION = YES_AGGRESSIVE;
				CLANG_CXX_LANGUAGE_STANDARD = "gnu++20";
				CLANG_ENABLE_MODULES = YES;
				CLANG_ENABLE_OBJC_ARC = YES;
				CLANG_ENABLE_OBJC_WEAK = YES;
				CLANG_WARN_BLOCK_CAPTURE_AUTORELEASING = YES;
				CLANG_WARN_BOOL_CONVERSION = YES;
				CLANG_WARN_COMMA = YES;
				CLANG_WARN_CONSTANT_CONVERSION = YES;
				CLANG_WARN_DEPRECATED_OBJC_IMPLEMENTATIONS = YES;
				CLANG_WARN_DIRECT_OBJC_ISA_USAGE = YES_ERROR;
				CLANG_WARN_DOCUMENTATION_COMMENTS = YES;
				CLANG_WARN_EMPTY_BODY = YES;
				CLANG_WARN_ENUM_CONVERSION = YES;
				CLANG_WARN_INFINITE_RECURSION = YES;
				CLANG_WARN_INT_CONVERSION = YES;
				CLANG_WARN_NON_LITERAL_NULL_CONVERSION = YES;
				CLANG_WARN_OBJC_IMPLICIT_RETAIN_SELF = YES;
				CLANG_WARN_OBJC_LITERAL_CONVERSION = YES;
				CLANG_WARN_OBJC_ROOT_CLASS = YES_ERROR;
				CLANG_WARN_QUOTED_INCLUDE_IN_FRAMEWORK_HEADER = YES;
				CLANG_WARN_RANGE_LOOP_ANALYSIS = YES;
				CLANG_WARN_STRICT_PROTOTYPES = YES;
				CLANG_WARN_SUSPICIOUS_MOVE = YES;
				CLANG_WARN_UNGUARDED_AVAILABILITY = YES_AGGRESSIVE;
				CLANG_WARN_UNREACHABLE_CODE = YES;
				CLANG_WARN__DUPLICATE_METHOD_MATCH = YES;
				COPY_PHASE_STRIP = NO;
				DEBUG_INFORMATION_FORMAT = dwarf;
				ENABLE_STRICT_OBJC_MSGSEND = YES;
				ENABLE_TESTABILITY = YES;
				ENABLE_USER_SCRIPT_SANDBOXING = YES;
				GCC_C_LANGUAGE_STANDARD = gnu17;
				GCC_DYNAMIC_NO_PIC = NO;
				GCC_NO_COMMON_BLOCKS = YES;
				GCC_OPTIMIZATION_LEVEL = 0;
				GCC_PREPROCESSOR_DEFINITIONS = (
					"DEBUG=1",
					"$(inherited)",
				);
				GCC_WARN_64_TO_32_BIT_CONVERSION = YES;
				GCC_WARN_ABOUT_RETURN_TYPE = YES_ERROR;
				GCC_WARN_UNDECLARED_SELECTOR = YES;
				GCC_WARN_UNINITIALIZED_AUTOS = YES_AGGRESSIVE;
				GCC_WARN_UNUSED_FUNCTION = YES;
				GCC_WARN_UNUSED_VARIABLE = YES;
				IPHONEOS_DEPLOYMENT_TARGET = 18.4;
				LOCALIZATION_PREFERS_STRING_CATALOGS = YES;
				MTL_ENABLE_DEBUG_INFO = INCLUDE_SOURCE;
				MTL_FAST_MATH = YES;
				ONLY_ACTIVE_ARCH = YES;
				SDKROOT = iphoneos;
				SWIFT_ACTIVE_COMPILATION_CONDITIONS = "DEBUG $(inherited)";
				SWIFT_OPTIMIZATION_LEVEL = "-Onone";
			};
			name = Debug;
		};
		92591E522DA32AE500F8CBFB /* Release */ = {
			isa = XCBuildConfiguration;
			buildSettings = {
				ALWAYS_SEARCH_USER_PATHS = NO;
				ASSETCATALOG_COMPILER_GENERATE_SWIFT_ASSET_SYMBOL_EXTENSIONS = YES;
				CLANG_ANALYZER_NONNULL = YES;
				CLANG_ANALYZER_NUMBER_OBJECT_CONVERSION = YES_AGGRESSIVE;
				CLANG_CXX_LANGUAGE_STANDARD = "gnu++20";
				CLANG_ENABLE_MODULES = YES;
				CLANG_ENABLE_OBJC_ARC = YES;
				CLANG_ENABLE_OBJC_WEAK = YES;
				CLANG_WARN_BLOCK_CAPTURE_AUTORELEASING = YES;
				CLANG_WARN_BOOL_CONVERSION = YES;
				CLANG_WARN_COMMA = YES;
				CLANG_WARN_CONSTANT_CONVERSION = YES;
				CLANG_WARN_DEPRECATED_OBJC_IMPLEMENTATIONS = YES;
				CLANG_WARN_DIRECT_OBJC_ISA_USAGE = YES_ERROR;
				CLANG_WARN_DOCUMENTATION_COMMENTS = YES;
				CLANG_WARN_EMPTY_BODY = YES;
				CLANG_WARN_ENUM_CONVERSION = YES;
				CLANG_WARN_INFINITE_RECURSION = YES;
				CLANG_WARN_INT_CONVERSION = YES;
				CLANG_WARN_NON_LITERAL_NULL_CONVERSION = YES;
				CLANG_WARN_OBJC_IMPLICIT_RETAIN_SELF = YES;
				CLANG_WARN_OBJC_LITERAL_CONVERSION = YES;
				CLANG_WARN_OBJC_ROOT_CLASS = YES_ERROR;
				CLANG_WARN_QUOTED_INCLUDE_IN_FRAMEWORK_HEADER = YES;
				CLANG_WARN_RANGE_LOOP_ANALYSIS = YES;
				CLANG_WARN_STRICT_PROTOTYPES = YES;
				CLANG_WARN_SUSPICIOUS_MOVE = YES;
				CLANG_WARN_UNGUARDED_AVAILABILITY = YES_AGGRESSIVE;
				CLANG_WARN_UNREACHABLE_CODE = YES;
				CLANG_WARN__DUPLICATE_METHOD_MATCH = YES;
				COPY_PHASE_STRIP = NO;
				DEBUG_INFORMATION_FORMAT = "dwarf-with-dsym";
				ENABLE_NS_ASSERTIONS = NO;
				ENABLE_STRICT_OBJC_MSGSEND = YES;
				ENABLE_USER_SCRIPT_SANDBOXING = YES;
				GCC_C_LANGUAGE_STANDARD = gnu17;
				GCC_NO_COMMON_BLOCKS = YES;
				GCC_WARN_64_TO_32_BIT_CONVERSION = YES;
				GCC_WARN_ABOUT_RETURN_TYPE = YES_ERROR;
				GCC_WARN_UNDECLARED_SELECTOR = YES;
				GCC_WARN_UNINITIALIZED_AUTOS = YES_AGGRESSIVE;
				GCC_WARN_UNUSED_FUNCTION = YES;
				GCC_WARN_UNUSED_VARIABLE = YES;
				IPHONEOS_DEPLOYMENT_TARGET = 18.4;
				LOCALIZATION_PREFERS_STRING_CATALOGS = YES;
				MTL_ENABLE_DEBUG_INFO = NO;
				MTL_FAST_MATH = YES;
				SDKROOT = iphoneos;
				SWIFT_COMPILATION_MODE = wholemodule;
				VALIDATE_PRODUCT = YES;
			};
			name = Release;
		};
		92591E542DA32AE500F8CBFB /* Debug */ = {
			isa = XCBuildConfiguration;
			buildSettings = {
				BUNDLE_LOADER = "$(TEST_HOST)";
				CODE_SIGN_STYLE = Automatic;
				CURRENT_PROJECT_VERSION = 1;
				GENERATE_INFOPLIST_FILE = YES;
				IPHONEOS_DEPLOYMENT_TARGET = 18.4;
				MARKETING_VERSION = 1.0;
				PRODUCT_BUNDLE_IDENTIFIER = com.priscilaayelengomez.NFCPocTests;
				PRODUCT_NAME = "$(TARGET_NAME)";
				SWIFT_EMIT_LOC_STRINGS = NO;
				SWIFT_VERSION = 5.0;
				TARGETED_DEVICE_FAMILY = "1,2";
				TEST_HOST = "$(BUILT_PRODUCTS_DIR)/NFCPoc.app/$(BUNDLE_EXECUTABLE_FOLDER_PATH)/NFCPoc";
			};
			name = Debug;
		};
		92591E552DA32AE500F8CBFB /* Release */ = {
			isa = XCBuildConfiguration;
			buildSettings = {
				BUNDLE_LOADER = "$(TEST_HOST)";
				CODE_SIGN_STYLE = Automatic;
				CURRENT_PROJECT_VERSION = 1;
				GENERATE_INFOPLIST_FILE = YES;
				IPHONEOS_DEPLOYMENT_TARGET = 18.4;
				MARKETING_VERSION = 1.0;
				PRODUCT_BUNDLE_IDENTIFIER = com.priscilaayelengomez.NFCPocTests;
				PRODUCT_NAME = "$(TARGET_NAME)";
				SWIFT_EMIT_LOC_STRINGS = NO;
				SWIFT_VERSION = 5.0;
				TARGETED_DEVICE_FAMILY = "1,2";
				TEST_HOST = "$(BUILT_PRODUCTS_DIR)/NFCPoc.app/$(BUNDLE_EXECUTABLE_FOLDER_PATH)/NFCPoc";
			};
			name = Release;
		};
		92591E572DA32AE500F8CBFB /* Debug */ = {
			isa = XCBuildConfiguration;
			buildSettings = {
				CODE_SIGN_STYLE = Automatic;
				CURRENT_PROJECT_VERSION = 1;
				GENERATE_INFOPLIST_FILE = YES;
				MARKETING_VERSION = 1.0;
				PRODUCT_BUNDLE_IDENTIFIER = com.priscilaayelengomez.NFCPocUITests;
				PRODUCT_NAME = "$(TARGET_NAME)";
				SWIFT_EMIT_LOC_STRINGS = NO;
				SWIFT_VERSION = 5.0;
				TARGETED_DEVICE_FAMILY = "1,2";
				TEST_TARGET_NAME = NFCPoc;
			};
			name = Debug;
		};
		92591E582DA32AE500F8CBFB /* Release */ = {
			isa = XCBuildConfiguration;
			buildSettings = {
				CODE_SIGN_STYLE = Automatic;
				CURRENT_PROJECT_VERSION = 1;
				GENERATE_INFOPLIST_FILE = YES;
				MARKETING_VERSION = 1.0;
				PRODUCT_BUNDLE_IDENTIFIER = com.priscilaayelengomez.NFCPocUITests;
				PRODUCT_NAME = "$(TARGET_NAME)";
				SWIFT_EMIT_LOC_STRINGS = NO;
				SWIFT_VERSION = 5.0;
				TARGETED_DEVICE_FAMILY = "1,2";
				TEST_TARGET_NAME = NFCPoc;
			};
			name = Release;
		};
/* End XCBuildConfiguration section */

/* Begin XCConfigurationList section */
		92591E202DA32AE100F8CBFB /* Build configuration list for PBXProject "NFCPoc" */ = {
			isa = XCConfigurationList;
			buildConfigurations = (
				92591E512DA32AE500F8CBFB /* Debug */,
				92591E522DA32AE500F8CBFB /* Release */,
			);
			defaultConfigurationIsVisible = 0;
			defaultConfigurationName = Release;
		};
		92591E4E2DA32AE500F8CBFB /* Build configuration list for PBXNativeTarget "NFCPoc" */ = {
			isa = XCConfigurationList;
			buildConfigurations = (
				92591E4F2DA32AE500F8CBFB /* Debug */,
				92591E502DA32AE500F8CBFB /* Release */,
			);
			defaultConfigurationIsVisible = 0;
			defaultConfigurationName = Release;
		};
		92591E532DA32AE500F8CBFB /* Build configuration list for PBXNativeTarget "NFCPocTests" */ = {
			isa = XCConfigurationList;
			buildConfigurations = (
				92591E542DA32AE500F8CBFB /* Debug */,
				92591E552DA32AE500F8CBFB /* Release */,
			);
			defaultConfigurationIsVisible = 0;
			defaultConfigurationName = Release;
		};
		92591E562DA32AE500F8CBFB /* Build configuration list for PBXNativeTarget "NFCPocUITests" */ = {
			isa = XCConfigurationList;
			buildConfigurations = (
				92591E572DA32AE500F8CBFB /* Debug */,
				92591E582DA32AE500F8CBFB /* Release */,
			);
			defaultConfigurationIsVisible = 0;
			defaultConfigurationName = Release;
		};
/* End XCConfigurationList section */
	};
	rootObject = 92591E1D2DA32AE100F8CBFB /* Project object */;
}
